
Microsoft Visual Studio Solution File, Format Version 12.00
# Visual Studio Version 16
VisualStudioVersion = 16.0.29215.179
MinimumVisualStudioVersion = 10.0.40219.1
Project("{FAE04EC0-301F-11D3-BF4B-00C04F79EFBC}") = "ServerlessAuthenticationWithAuth0", "ServerlessAuthenticationWithAuth0\ServerlessAuthenticationWithAuth0.csproj", "{A224DEEA-2357-4637-968C-17DD87FDD85E}"
EndProject
Global
	GlobalSection(SolutionConfigurationPlatforms) = preSolution
		Debug|Any CPU = Debug|Any CPU
		Release|Any CPU = Release|Any CPU
	EndGlobalSection
	GlobalSection(ProjectConfigurationPlatforms) = postSolution
		{A224DEEA-2357-4637-968C-17DD87FDD85E}.Debug|Any CPU.ActiveCfg = Debug|Any CPU
		{A224DEEA-2357-4637-968C-17DD87FDD85E}.Debug|Any CPU.Build.0 = Debug|Any CPU
		{A224DEEA-2357-4637-968C-17DD87FDD85E}.Release|Any CPU.ActiveCfg = Release|Any CPU
		{A224DEEA-2357-4637-968C-17DD87FDD85E}.Release|Any CPU.Build.0 = Release|Any CPU
	EndGlobalSection
	GlobalSection(SolutionProperties) = preSolution
		HideSolutionNode = FALSE
	EndGlobalSection
	GlobalSection(ExtensibilityGlobals) = postSolution
		SolutionGuid = {BEB7D486-124F-453E-A574-CE85D77D7A2B}
	EndGlobalSection
EndGlobal
